# THIS IS AN AUTOGENERATED FILE. DO NOT EDIT THIS FILE DIRECTLY.
# yarn lockfile v1


"@miniprogram-component-plus/sticky@^1.0.1":
  version "1.0.1"
  resolved "https://registry.nlark.com/@miniprogram-component-plus/sticky/download/@miniprogram-component-plus/sticky-1.0.1.tgz#32c4098c2a98422da1c8b8febfa39d6ecfcf847c"
  integrity sha1-MsQJjCqYQi2hyLj+v6Odbs/PhHw=

jsbn@^1.1.0:
  version "1.1.0"
  resolved "https://registry.npm.taobao.org/jsbn/download/jsbn-1.1.0.tgz#b01307cb29b618a1ed26ec79e911f803c4da0040"
  integrity sha1-sBMHyym2GKHtJux56RH4A8TaAEA=

miniprogram-sm-crypto@^0.3.2:
  version "0.3.2"
  resolved "https://registry.nlark.com/miniprogram-sm-crypto/download/miniprogram-sm-crypto-0.3.2.tgz#4899d1b8703112c04991f18e1167436fe8465971"
  integrity sha1-SJnRuHAxEsBJkfGOEWdDb+hGWXE=
  dependencies:
    jsbn "^1.1.0"
